
Microsoft Visual Studio Solution File, Format Version 12.00
# Visual Studio Version 16
VisualStudioVersion = 16.0.29613.14
MinimumVisualStudioVersion = 10.0.40219.1
Project("{FAE04EC0-301F-11D3-BF4B-00C04F79EFBC}") = "UD", "UD\UD.csproj", "{1D084689-30F2-4828-BC27-106338B81EFE}"
EndProject
Project("{FAE04EC0-301F-11D3-BF4B-00C04F79EFBC}") = "Test", "Test\Test.csproj", "{6ED93CA0-EBCF-4D4B-B28A-2A780779BB20}"
EndProject
Project("{FAE04EC0-301F-11D3-BF4B-00C04F79EFBC}") = "Viewer", "Viewer\Viewer.csproj", "{380D1148-3D48-4981-A982-07A6A04CEA02}"
EndProject
Global
	GlobalSection(SolutionConfigurationPlatforms) = preSolution
		Debug|Any CPU = Debug|Any CPU
		Debug|x64 = Debug|x64
		Debug|x86 = Debug|x86
		Release|Any CPU = Release|Any CPU
		Release|x64 = Release|x64
		Release|x86 = Release|x86
	EndGlobalSection
	GlobalSection(ProjectConfigurationPlatforms) = postSolution
		{1D084689-30F2-4828-BC27-106338B81EFE}.Debug|Any CPU.ActiveCfg = Debug|Any CPU
		{1D084689-30F2-4828-BC27-106338B81EFE}.Debug|Any CPU.Build.0 = Debug|Any CPU
		{1D084689-30F2-4828-BC27-106338B81EFE}.Debug|x64.ActiveCfg = Debug|Any CPU
		{1D084689-30F2-4828-BC27-106338B81EFE}.Debug|x64.Build.0 = Debug|Any CPU
		{1D084689-30F2-4828-BC27-106338B81EFE}.Debug|x86.ActiveCfg = Debug|Any CPU
		{1D084689-30F2-4828-BC27-106338B81EFE}.Debug|x86.Build.0 = Debug|Any CPU
		{1D084689-30F2-4828-BC27-106338B81EFE}.Release|Any CPU.ActiveCfg = Release|Any CPU
		{1D084689-30F2-4828-BC27-106338B81EFE}.Release|Any CPU.Build.0 = Release|Any CPU
		{1D084689-30F2-4828-BC27-106338B81EFE}.Release|x64.ActiveCfg = Release|Any CPU
		{1D084689-30F2-4828-BC27-106338B81EFE}.Release|x64.Build.0 = Release|Any CPU
		{1D084689-30F2-4828-BC27-106338B81EFE}.Release|x86.ActiveCfg = Release|Any CPU
		{1D084689-30F2-4828-BC27-106338B81EFE}.Release|x86.Build.0 = Release|Any CPU
		{6ED93CA0-EBCF-4D4B-B28A-2A780779BB20}.Debug|Any CPU.ActiveCfg = Debug|Any CPU
		{6ED93CA0-EBCF-4D4B-B28A-2A780779BB20}.Debug|Any CPU.Build.0 = Debug|Any CPU
		{6ED93CA0-EBCF-4D4B-B28A-2A780779BB20}.Debug|x64.ActiveCfg = Debug|Any CPU
		{6ED93CA0-EBCF-4D4B-B28A-2A780779BB20}.Debug|x64.Build.0 = Debug|Any CPU
		{6ED93CA0-EBCF-4D4B-B28A-2A780779BB20}.Debug|x86.ActiveCfg = Debug|Any CPU
		{6ED93CA0-EBCF-4D4B-B28A-2A780779BB20}.Debug|x86.Build.0 = Debug|Any CPU
		{6ED93CA0-EBCF-4D4B-B28A-2A780779BB20}.Release|Any CPU.ActiveCfg = Release|Any CPU
		{6ED93CA0-EBCF-4D4B-B28A-2A780779BB20}.Release|Any CPU.Build.0 = Release|Any CPU
		{6ED93CA0-EBCF-4D4B-B28A-2A780779BB20}.Release|x64.ActiveCfg = Release|Any CPU
		{6ED93CA0-EBCF-4D4B-B28A-2A780779BB20}.Release|x64.Build.0 = Release|Any CPU
		{6ED93CA0-EBCF-4D4B-B28A-2A780779BB20}.Release|x86.ActiveCfg = Release|Any CPU
		{6ED93CA0-EBCF-4D4B-B28A-2A780779BB20}.Release|x86.Build.0 = Release|Any CPU
		{380D1148-3D48-4981-A982-07A6A04CEA02}.Debug|Any CPU.ActiveCfg = Debug|Any CPU
		{380D1148-3D48-4981-A982-07A6A04CEA02}.Debug|Any CPU.Build.0 = Debug|Any CPU
		{380D1148-3D48-4981-A982-07A6A04CEA02}.Debug|x64.ActiveCfg = Debug|Any CPU
		{380D1148-3D48-4981-A982-07A6A04CEA02}.Debug|x64.Build.0 = Debug|Any CPU
		{380D1148-3D48-4981-A982-07A6A04CEA02}.Debug|x86.ActiveCfg = Debug|Any CPU
		{380D1148-3D48-4981-A982-07A6A04CEA02}.Debug|x86.Build.0 = Debug|Any CPU
		{380D1148-3D48-4981-A982-07A6A04CEA02}.Release|Any CPU.ActiveCfg = Release|Any CPU
		{380D1148-3D48-4981-A982-07A6A04CEA02}.Release|Any CPU.Build.0 = Release|Any CPU
		{380D1148-3D48-4981-A982-07A6A04CEA02}.Release|x64.ActiveCfg = Release|Any CPU
		{380D1148-3D48-4981-A982-07A6A04CEA02}.Release|x64.Build.0 = Release|Any CPU
		{380D1148-3D48-4981-A982-07A6A04CEA02}.Release|x86.ActiveCfg = Release|Any CPU
		{380D1148-3D48-4981-A982-07A6A04CEA02}.Release|x86.Build.0 = Release|Any CPU
	EndGlobalSection
	GlobalSection(SolutionProperties) = preSolution
		HideSolutionNode = FALSE
	EndGlobalSection
	GlobalSection(ExtensibilityGlobals) = postSolution
		SolutionGuid = {2CBA9A43-C204-4774-BDD4-712EFC32BDA6}
	EndGlobalSection
EndGlobal
